// !$*UTF8*$!
{
	archiveVersion = 1;
	classes = {
	};
	objectVersion = 46;
	objects = {

/* Begin PBXBuildFile section */
		D447CEA3154F16180033663B /* Foundation.framework in Frameworks */ = {isa = PBXBuildFile; fileRef = D447CEA2154F16180033663B /* Foundation.framework */; };
		D447CEA5154F16180033663B /* UIKit.framework in Frameworks */ = {isa = PBXBuildFile; fileRef = D447CEA4154F16180033663B /* UIKit.framework */; };
		D447CEA7154F16180033663B /* CoreGraphics.framework in Frameworks */ = {isa = PBXBuildFile; fileRef = D447CEA6154F16180033663B /* CoreGraphics.framework */; };
		D447CEA9154F16180033663B /* AddressBook.framework in Frameworks */ = {isa = PBXBuildFile; fileRef = D447CEA8154F16180033663B /* AddressBook.framework */; };
		D447CEAB154F16180033663B /* AddressBookUI.framework in Frameworks */ = {isa = PBXBuildFile; fileRef = D447CEAA154F16180033663B /* AddressBookUI.framework */; };
		D447CEAD154F16180033663B /* AudioToolbox.framework in Frameworks */ = {isa = PBXBuildFile; fileRef = D447CEAC154F16180033663B /* AudioToolbox.framework */; };
		D447CEAF154F16180033663B /* AVFoundation.framework in Frameworks */ = {isa = PBXBuildFile; fileRef = D447CEAE154F16180033663B /* AVFoundation.framework */; };
		D447CEB1154F16180033663B /* CoreLocation.framework in Frameworks */ = {isa = PBXBuildFile; fileRef = D447CEB0154F16180033663B /* CoreLocation.framework */; };
		D447CEB3154F16180033663B /* MediaPlayer.framework in Frameworks */ = {isa = PBXBuildFile; fileRef = D447CEB2154F16180033663B /* MediaPlayer.framework */; };
		D447CEB5154F16180033663B /* QuartzCore.framework in Frameworks */ = {isa = PBXBuildFile; fileRef = D447CEB4154F16180033663B /* QuartzCore.framework */; };
		D447CEB7154F16180033663B /* SystemConfiguration.framework in Frameworks */ = {isa = PBXBuildFile; fileRef = D447CEB6154F16180033663B /* SystemConfiguration.framework */; };
		D447CEB9154F16180033663B /* MobileCoreServices.framework in Frameworks */ = {isa = PBXBuildFile; fileRef = D447CEB8154F16180033663B /* MobileCoreServices.framework */; };
		D447CEBB154F16180033663B /* CoreMedia.framework in Frameworks */ = {isa = PBXBuildFile; fileRef = D447CEBA154F16180033663B /* CoreMedia.framework */; };
		D447CEC1154F16180033663B /* InfoPlist.strings in Resources */ = {isa = PBXBuildFile; fileRef = D447CEBF154F16180033663B /* InfoPlist.strings */; };
		D447CEC3154F16180033663B /* main.m in Sources */ = {isa = PBXBuildFile; fileRef = D447CEC2154F16180033663B /* main.m */; };
		D447CEC6154F16180033663B /* Cordova.framework in Frameworks */ = {isa = PBXBuildFile; fileRef = D447CEC5154F16180033663B /* Cordova.framework */; };
		D447CECB154F16180033663B /* Localizable.strings in Resources */ = {isa = PBXBuildFile; fileRef = D447CEC9154F16180033663B /* Localizable.strings */; };
		D447CECF154F16180033663B /* Localizable.strings in Resources */ = {isa = PBXBuildFile; fileRef = D447CECD154F16180033663B /* Localizable.strings */; };
		D447CED3154F16180033663B /* Localizable.strings in Resources */ = {isa = PBXBuildFile; fileRef = D447CED1154F16180033663B /* Localizable.strings */; };
		D447CED7154F16180033663B /* Localizable.strings in Resources */ = {isa = PBXBuildFile; fileRef = D447CED5154F16180033663B /* Localizable.strings */; };
		D447CEDA154F16180033663B /* icon.png in Resources */ = {isa = PBXBuildFile; fileRef = D447CED9154F16180033663B /* icon.png */; };
		D447CEDC154F16180033663B /* icon@2x.png in Resources */ = {isa = PBXBuildFile; fileRef = D447CEDB154F16180033663B /* icon@2x.png */; };
		D447CEDE154F16180033663B /* icon-72.png in Resources */ = {isa = PBXBuildFile; fileRef = D447CEDD154F16180033663B /* icon-72.png */; };
		D447CEE1154F16180033663B /* Default.png in Resources */ = {isa = PBXBuildFile; fileRef = D447CEE0154F16180033663B /* Default.png */; };
		D447CEE3154F16180033663B /* Default@2x.png in Resources */ = {isa = PBXBuildFile; fileRef = D447CEE2154F16180033663B /* Default@2x.png */; };
		D447CEE5154F16180033663B /* Capture.bundle in Resources */ = {isa = PBXBuildFile; fileRef = D447CEE4154F16180033663B /* Capture.bundle */; };
		D447CEE7154F16180033663B /* Cordova.plist in Resources */ = {isa = PBXBuildFile; fileRef = D447CEE6154F16180033663B /* Cordova.plist */; };
		D447CEEB154F16180033663B /* AppDelegate.m in Sources */ = {isa = PBXBuildFile; fileRef = D447CEEA154F16180033663B /* AppDelegate.m */; };
		D447CEEE154F16180033663B /* MainViewController.m in Sources */ = {isa = PBXBuildFile; fileRef = D447CEED154F16180033663B /* MainViewController.m */; };
		D447CEF0154F16180033663B /* MainViewController.xib in Resources */ = {isa = PBXBuildFile; fileRef = D447CEEF154F16180033663B /* MainViewController.xib */; };
		D447CEF4154F16180033663B /* verify.sh in Resources */ = {isa = PBXBuildFile; fileRef = D447CEF3154F16180033663B /* verify.sh */; };
		D447CEFB154F16810033663B /* www in Resources */ = {isa = PBXBuildFile; fileRef = D447CEFA154F16810033663B /* www */; };
/* End PBXBuildFile section */

/* Begin PBXFileReference section */
		D447CE9E154F16180033663B /* WLMTest.app */ = {isa = PBXFileReference; explicitFileType = wrapper.application; includeInIndex = 0; path = WLMTest.app; sourceTree = BUILT_PRODUCTS_DIR; };
		D447CEA2154F16180033663B /* Foundation.framework */ = {isa = PBXFileReference; lastKnownFileType = wrapper.framework; name = Foundation.framework; path = System/Library/Frameworks/Foundation.framework; sourceTree = SDKROOT; };
		D447CEA4154F16180033663B /* UIKit.framework */ = {isa = PBXFileReference; lastKnownFileType = wrapper.framework; name = UIKit.framework; path = System/Library/Frameworks/UIKit.framework; sourceTree = SDKROOT; };
		D447CEA6154F16180033663B /* CoreGraphics.framework */ = {isa = PBXFileReference; lastKnownFileType = wrapper.framework; name = CoreGraphics.framework; path = System/Library/Frameworks/CoreGraphics.framework; sourceTree = SDKROOT; };
		D447CEA8154F16180033663B /* AddressBook.framework */ = {isa = PBXFileReference; lastKnownFileType = wrapper.framework; name = AddressBook.framework; path = System/Library/Frameworks/AddressBook.framework; sourceTree = SDKROOT; };
		D447CEAA154F16180033663B /* AddressBookUI.framework */ = {isa = PBXFileReference; lastKnownFileType = wrapper.framework; name = AddressBookUI.framework; path = System/Library/Frameworks/AddressBookUI.framework; sourceTree = SDKROOT; };
		D447CEAC154F16180033663B /* AudioToolbox.framework */ = {isa = PBXFileReference; lastKnownFileType = wrapper.framework; name = AudioToolbox.framework; path = System/Library/Frameworks/AudioToolbox.framework; sourceTree = SDKROOT; };
		D447CEAE154F16180033663B /* AVFoundation.framework */ = {isa = PBXFileReference; lastKnownFileType = wrapper.framework; name = AVFoundation.framework; path = System/Library/Frameworks/AVFoundation.framework; sourceTree = SDKROOT; };
		D447CEB0154F16180033663B /* CoreLocation.framework */ = {isa = PBXFileReference; lastKnownFileType = wrapper.framework; name = CoreLocation.framework; path = System/Library/Frameworks/CoreLocation.framework; sourceTree = SDKROOT; };
		D447CEB2154F16180033663B /* MediaPlayer.framework */ = {isa = PBXFileReference; lastKnownFileType = wrapper.framework; name = MediaPlayer.framework; path = System/Library/Frameworks/MediaPlayer.framework; sourceTree = SDKROOT; };
		D447CEB4154F16180033663B /* QuartzCore.framework */ = {isa = PBXFileReference; lastKnownFileType = wrapper.framework; name = QuartzCore.framework; path = System/Library/Frameworks/QuartzCore.framework; sourceTree = SDKROOT; };
		D447CEB6154F16180033663B /* SystemConfiguration.framework */ = {isa = PBXFileReference; lastKnownFileType = wrapper.framework; name = SystemConfiguration.framework; path = System/Library/Frameworks/SystemConfiguration.framework; sourceTree = SDKROOT; };
		D447CEB8154F16180033663B /* MobileCoreServices.framework */ = {isa = PBXFileReference; lastKnownFileType = wrapper.framework; name = MobileCoreServices.framework; path = System/Library/Frameworks/MobileCoreServices.framework; sourceTree = SDKROOT; };
		D447CEBA154F16180033663B /* CoreMedia.framework */ = {isa = PBXFileReference; lastKnownFileType = wrapper.framework; name = CoreMedia.framework; path = System/Library/Frameworks/CoreMedia.framework; sourceTree = SDKROOT; };
		D447CEBE154F16180033663B /* WLMTest-Info.plist */ = {isa = PBXFileReference; lastKnownFileType = text.plist.xml; path = "WLMTest-Info.plist"; sourceTree = "<group>"; };
		D447CEC0154F16180033663B /* en */ = {isa = PBXFileReference; lastKnownFileType = text.plist.strings; name = en; path = en.lproj/InfoPlist.strings; sourceTree = "<group>"; };
		D447CEC2154F16180033663B /* main.m */ = {isa = PBXFileReference; lastKnownFileType = sourcecode.c.objc; path = main.m; sourceTree = "<group>"; };
		D447CEC4154F16180033663B /* WLMTest-Prefix.pch */ = {isa = PBXFileReference; lastKnownFileType = sourcecode.c.h; path = "WLMTest-Prefix.pch"; sourceTree = "<group>"; };
		D447CEC5154F16180033663B /* Cordova.framework */ = {isa = PBXFileReference; lastKnownFileType = wrapper.framework; name = Cordova.framework; path = /Users/Shared/Cordova/Frameworks/Cordova.framework; sourceTree = "<absolute>"; };
		D447CECA154F16180033663B /* en */ = {isa = PBXFileReference; lastKnownFileType = text.plist.strings; name = en; path = Resources/en.lproj/Localizable.strings; sourceTree = "<group>"; };
		D447CECE154F16180033663B /* es */ = {isa = PBXFileReference; lastKnownFileType = text.plist.strings; name = es; path = Resources/es.lproj/Localizable.strings; sourceTree = "<group>"; };
		D447CED2154F16180033663B /* de */ = {isa = PBXFileReference; lastKnownFileType = text.plist.strings; name = de; path = Resources/de.lproj/Localizable.strings; sourceTree = "<group>"; };
		D447CED6154F16180033663B /* se */ = {isa = PBXFileReference; lastKnownFileType = text.plist.strings; name = se; path = Resources/se.lproj/Localizable.strings; sourceTree = "<group>"; };
		D447CED9154F16180033663B /* icon.png */ = {isa = PBXFileReference; lastKnownFileType = image.png; name = icon.png; path = Resources/icons/icon.png; sourceTree = "<group>"; };
		D447CEDB154F16180033663B /* icon@2x.png */ = {isa = PBXFileReference; lastKnownFileType = image.png; name = "icon@2x.png"; path = "Resources/icons/icon@2x.png"; sourceTree = "<group>"; };
		D447CEDD154F16180033663B /* icon-72.png */ = {isa = PBXFileReference; lastKnownFileType = image.png; name = "icon-72.png"; path = "Resources/icons/icon-72.png"; sourceTree = "<group>"; };
		D447CEE0154F16180033663B /* Default.png */ = {isa = PBXFileReference; lastKnownFileType = image.png; name = Default.png; path = Resources/splash/Default.png; sourceTree = "<group>"; };
		D447CEE2154F16180033663B /* Default@2x.png */ = {isa = PBXFileReference; lastKnownFileType = image.png; name = "Default@2x.png"; path = "Resources/splash/Default@2x.png"; sourceTree = "<group>"; };
		D447CEE4154F16180033663B /* Capture.bundle */ = {isa = PBXFileReference; lastKnownFileType = "wrapper.plug-in"; name = Capture.bundle; path = Resources/Capture.bundle; sourceTree = "<group>"; };
		D447CEE6154F16180033663B /* Cordova.plist */ = {isa = PBXFileReference; lastKnownFileType = text.plist.xml; path = Cordova.plist; sourceTree = "<group>"; };
		D447CEE9154F16180033663B /* AppDelegate.h */ = {isa = PBXFileReference; lastKnownFileType = sourcecode.c.h; name = AppDelegate.h; path = Classes/AppDelegate.h; sourceTree = "<group>"; };
		D447CEEA154F16180033663B /* AppDelegate.m */ = {isa = PBXFileReference; lastKnownFileType = sourcecode.c.objc; name = AppDelegate.m; path = Classes/AppDelegate.m; sourceTree = "<group>"; };
		D447CEEC154F16180033663B /* MainViewController.h */ = {isa = PBXFileReference; lastKnownFileType = sourcecode.c.h; name = MainViewController.h; path = Classes/MainViewController.h; sourceTree = "<group>"; };
		D447CEED154F16180033663B /* MainViewController.m */ = {isa = PBXFileReference; lastKnownFileType = sourcecode.c.objc; name = MainViewController.m; path = Classes/MainViewController.m; sourceTree = "<group>"; };
		D447CEEF154F16180033663B /* MainViewController.xib */ = {isa = PBXFileReference; lastKnownFileType = file.xib; name = MainViewController.xib; path = Classes/MainViewController.xib; sourceTree = "<group>"; };
		D447CEF2154F16180033663B /* README */ = {isa = PBXFileReference; lastKnownFileType = text; name = README; path = Plugins/README; sourceTree = "<group>"; };
		D447CEF3154F16180033663B /* verify.sh */ = {isa = PBXFileReference; lastKnownFileType = text.script.sh; path = verify.sh; sourceTree = "<group>"; };
		D447CEFA154F16810033663B /* www */ = {isa = PBXFileReference; lastKnownFileType = folder; path = assets/www; sourceTree = "<group>"; };
/* End PBXFileReference section */

/* Begin PBXFrameworksBuildPhase section */
		D447CE98154F16180033663B /* Frameworks */ = {
			isa = PBXFrameworksBuildPhase;
			buildActionMask = 2147483647;
			files = (
				D447CEA3154F16180033663B /* Foundation.framework in Frameworks */,
				D447CEA5154F16180033663B /* UIKit.framework in Frameworks */,
				D447CEA7154F16180033663B /* CoreGraphics.framework in Frameworks */,
				D447CEA9154F16180033663B /* AddressBook.framework in Frameworks */,
				D447CEAB154F16180033663B /* AddressBookUI.framework in Frameworks */,
				D447CEAD154F16180033663B /* AudioToolbox.framework in Frameworks */,
				D447CEAF154F16180033663B /* AVFoundation.framework in Frameworks */,
				D447CEB1154F16180033663B /* CoreLocation.framework in Frameworks */,
				D447CEB3154F16180033663B /* MediaPlayer.framework in Frameworks */,
				D447CEB5154F16180033663B /* QuartzCore.framework in Frameworks */,
				D447CEB7154F16180033663B /* SystemConfiguration.framework in Frameworks */,
				D447CEB9154F16180033663B /* MobileCoreServices.framework in Frameworks */,
				D447CEBB154F16180033663B /* CoreMedia.framework in Frameworks */,
				D447CEC6154F16180033663B /* Cordova.framework in Frameworks */,
			);
			runOnlyForDeploymentPostprocessing = 0;
		};
		D447CE9B154F16180033663B /* Frameworks */ = {
			isa = PBXFrameworksBuildPhase;
			buildActionMask = 2147483647;
			files = (
			);
			runOnlyForDeploymentPostprocessing = 0;
		};
/* End PBXFrameworksBuildPhase section */

/* Begin PBXGroup section */
		D447CE90154F16180033663B = {
			isa = PBXGroup;
			children = (
				D447CEBC154F16180033663B /* WLMTest */,
				D447CEA1154F16180033663B /* Frameworks */,
				D447CE9F154F16180033663B /* Products */,
				D447CEFA154F16810033663B /* www */,
			);
			sourceTree = "<group>";
		};
		D447CE9F154F16180033663B /* Products */ = {
			isa = PBXGroup;
			children = (
				D447CE9E154F16180033663B /* WLMTest.app */,
			);
			name = Products;
			sourceTree = "<group>";
		};
		D447CEA1154F16180033663B /* Frameworks */ = {
			isa = PBXGroup;
			children = (
				D447CEA2154F16180033663B /* Foundation.framework */,
				D447CEA4154F16180033663B /* UIKit.framework */,
				D447CEA6154F16180033663B /* CoreGraphics.framework */,
				D447CEA8154F16180033663B /* AddressBook.framework */,
				D447CEAA154F16180033663B /* AddressBookUI.framework */,
				D447CEAC154F16180033663B /* AudioToolbox.framework */,
				D447CEAE154F16180033663B /* AVFoundation.framework */,
				D447CEB0154F16180033663B /* CoreLocation.framework */,
				D447CEB2154F16180033663B /* MediaPlayer.framework */,
				D447CEB4154F16180033663B /* QuartzCore.framework */,
				D447CEB6154F16180033663B /* SystemConfiguration.framework */,
				D447CEB8154F16180033663B /* MobileCoreServices.framework */,
				D447CEBA154F16180033663B /* CoreMedia.framework */,
			);
			name = Frameworks;
			sourceTree = "<group>";
		};
		D447CEBC154F16180033663B /* WLMTest */ = {
			isa = PBXGroup;
			children = (
				D447CEC5154F16180033663B /* Cordova.framework */,
				D447CEC7154F16180033663B /* Resources */,
				D447CEE8154F16180033663B /* Classes */,
				D447CEF1154F16180033663B /* Plugins */,
				D447CEBD154F16180033663B /* Supporting Files */,
			);
			path = WLMTest;
			sourceTree = "<group>";
		};
		D447CEBD154F16180033663B /* Supporting Files */ = {
			isa = PBXGroup;
			children = (
				D447CEBE154F16180033663B /* WLMTest-Info.plist */,
				D447CEBF154F16180033663B /* InfoPlist.strings */,
				D447CEC2154F16180033663B /* main.m */,
				D447CEC4154F16180033663B /* WLMTest-Prefix.pch */,
				D447CEE6154F16180033663B /* Cordova.plist */,
				D447CEEF154F16180033663B /* MainViewController.xib */,
				D447CEF3154F16180033663B /* verify.sh */,
			);
			name = "Supporting Files";
			sourceTree = "<group>";
		};
		D447CEC7154F16180033663B /* Resources */ = {
			isa = PBXGroup;
			children = (
				D447CEE4154F16180033663B /* Capture.bundle */,
				D447CEC8154F16180033663B /* en.lproj */,
				D447CECC154F16180033663B /* es.lproj */,
				D447CED0154F16180033663B /* de.lproj */,
				D447CED4154F16180033663B /* se.lproj */,
				D447CED8154F16180033663B /* icons */,
				D447CEDF154F16180033663B /* splash */,
			);
			name = Resources;
			sourceTree = "<group>";
		};
		D447CEC8154F16180033663B /* en.lproj */ = {
			isa = PBXGroup;
			children = (
				D447CEC9154F16180033663B /* Localizable.strings */,
			);
			name = en.lproj;
			sourceTree = "<group>";
		};
		D447CECC154F16180033663B /* es.lproj */ = {
			isa = PBXGroup;
			children = (
				D447CECD154F16180033663B /* Localizable.strings */,
			);
			name = es.lproj;
			sourceTree = "<group>";
		};
		D447CED0154F16180033663B /* de.lproj */ = {
			isa = PBXGroup;
			children = (
				D447CED1154F16180033663B /* Localizable.strings */,
			);
			name = de.lproj;
			sourceTree = "<group>";
		};
		D447CED4154F16180033663B /* se.lproj */ = {
			isa = PBXGroup;
			children = (
				D447CED5154F16180033663B /* Localizable.strings */,
			);
			name = se.lproj;
			sourceTree = "<group>";
		};
		D447CED8154F16180033663B /* icons */ = {
			isa = PBXGroup;
			children = (
				D447CED9154F16180033663B /* icon.png */,
				D447CEDB154F16180033663B /* icon@2x.png */,
				D447CEDD154F16180033663B /* icon-72.png */,
			);
			name = icons;
			sourceTree = "<group>";
		};
		D447CEDF154F16180033663B /* splash */ = {
			isa = PBXGroup;
			children = (
				D447CEE0154F16180033663B /* Default.png */,
				D447CEE2154F16180033663B /* Default@2x.png */,
			);
			name = splash;
			sourceTree = "<group>";
		};
		D447CEE8154F16180033663B /* Classes */ = {
			isa = PBXGroup;
			children = (
				D447CEE9154F16180033663B /* AppDelegate.h */,
				D447CEEA154F16180033663B /* AppDelegate.m */,
				D447CEEC154F16180033663B /* MainViewController.h */,
				D447CEED154F16180033663B /* MainViewController.m */,
			);
			name = Classes;
			sourceTree = "<group>";
		};
		D447CEF1154F16180033663B /* Plugins */ = {
			isa = PBXGroup;
			children = (
				D447CEF2154F16180033663B /* README */,
			);
			name = Plugins;
			sourceTree = "<group>";
		};
/* End PBXGroup section */

/* Begin PBXNativeTarget section */
		D447CE9D154F16180033663B /* WLMTest */ = {
			isa = PBXNativeTarget;
			buildConfigurationList = D447CEF7154F16180033663B /* Build configuration list for PBXNativeTarget "WLMTest" */;
			buildPhases = (
				D447CE97154F16180033663B /* Sources */,
				D447CE98154F16180033663B /* Frameworks */,
				D447CE99154F16180033663B /* Resources */,
				D447CE9A154F16180033663B /* Sources */,
				D447CE9B154F16180033663B /* Frameworks */,
				D447CE9C154F16180033663B /* ShellScript */,
			);
			buildRules = (
			);
			dependencies = (
			);
			name = WLMTest;
			productName = WLMTest;
			productReference = D447CE9E154F16180033663B /* WLMTest.app */;
			productType = "com.apple.product-type.application";
		};
/* End PBXNativeTarget section */

/* Begin PBXProject section */
		D447CE92154F16180033663B /* Project object */ = {
			isa = PBXProject;
			attributes = {
				LastUpgradeCheck = 0430;
				ORGANIZATIONNAME = StatusNet;
			};
			buildConfigurationList = D447CE95154F16180033663B /* Build configuration list for PBXProject "WLMTest" */;
			compatibilityVersion = "Xcode 3.2";
			developmentRegion = English;
			hasScannedForEncodings = 0;
			knownRegions = (
				en,
				es,
				de,
				se,
			);
			mainGroup = D447CE90154F16180033663B;
			productRefGroup = D447CE9F154F16180033663B /* Products */;
			projectDirPath = "";
			projectRoot = "";
			targets = (
				D447CE9D154F16180033663B /* WLMTest */,
			);
		};
/* End PBXProject section */

/* Begin PBXResourcesBuildPhase section */
		D447CE99154F16180033663B /* Resources */ = {
			isa = PBXResourcesBuildPhase;
			buildActionMask = 2147483647;
			files = (
				D447CEC1154F16180033663B /* InfoPlist.strings in Resources */,
				D447CECB154F16180033663B /* Localizable.strings in Resources */,
				D447CECF154F16180033663B /* Localizable.strings in Resources */,
				D447CED3154F16180033663B /* Localizable.strings in Resources */,
				D447CED7154F16180033663B /* Localizable.strings in Resources */,
				D447CEDA154F16180033663B /* icon.png in Resources */,
				D447CEDC154F16180033663B /* icon@2x.png in Resources */,
				D447CEDE154F16180033663B /* icon-72.png in Resources */,
				D447CEE1154F16180033663B /* Default.png in Resources */,
				D447CEE3154F16180033663B /* Default@2x.png in Resources */,
				D447CEE5154F16180033663B /* Capture.bundle in Resources */,
				D447CEE7154F16180033663B /* Cordova.plist in Resources */,
				D447CEF0154F16180033663B /* MainViewController.xib in Resources */,
				D447CEF4154F16180033663B /* verify.sh in Resources */,
				D447CEFB154F16810033663B /* www in Resources */,
			);
			runOnlyForDeploymentPostprocessing = 0;
		};
/* End PBXResourcesBuildPhase section */

/* Begin PBXShellScriptBuildPhase section */
		D447CE9C154F16180033663B /* ShellScript */ = {
			isa = PBXShellScriptBuildPhase;
			buildActionMask = 2147483647;
			files = (
			);
			inputPaths = (
			);
			outputPaths = (
			);
			runOnlyForDeploymentPostprocessing = 0;
			shellPath = /bin/bash;
			shellScript = "\n\t\t\t\t\t\t\t\tchmod 755 \"$PROJECT_DIR/$PROJECT_NAME/verify.sh\"\n\t\t\t\t\t\t\t\t\"$PROJECT_DIR/$PROJECT_NAME/verify.sh\"\n\t\t\t\t\t";
		};
/* End PBXShellScriptBuildPhase section */

/* Begin PBXSourcesBuildPhase section */
		D447CE97154F16180033663B /* Sources */ = {
			isa = PBXSourcesBuildPhase;
			buildActionMask = 2147483647;
			files = (
				D447CEC3154F16180033663B /* main.m in Sources */,
				D447CEEB154F16180033663B /* AppDelegate.m in Sources */,
				D447CEEE154F16180033663B /* MainViewController.m in Sources */,
			);
			runOnlyForDeploymentPostprocessing = 0;
		};
		D447CE9A154F16180033663B /* Sources */ = {
			isa = PBXSourcesBuildPhase;
			buildActionMask = 2147483647;
			files = (
			);
			runOnlyForDeploymentPostprocessing = 0;
		};
/* End PBXSourcesBuildPhase section */

/* Begin PBXVariantGroup section */
		D447CEBF154F16180033663B /* InfoPlist.strings */ = {
			isa = PBXVariantGroup;
			children = (
				D447CEC0154F16180033663B /* en */,
			);
			name = InfoPlist.strings;
			sourceTree = "<group>";
		};
		D447CEC9154F16180033663B /* Localizable.strings */ = {
			isa = PBXVariantGroup;
			children = (
				D447CECA154F16180033663B /* en */,
			);
			name = Localizable.strings;
			sourceTree = "<group>";
		};
		D447CECD154F16180033663B /* Localizable.strings */ = {
			isa = PBXVariantGroup;
			children = (
				D447CECE154F16180033663B /* es */,
			);
			name = Localizable.strings;
			sourceTree = "<group>";
		};
		D447CED1154F16180033663B /* Localizable.strings */ = {
			isa = PBXVariantGroup;
			children = (
				D447CED2154F16180033663B /* de */,
			);
			name = Localizable.strings;
			sourceTree = "<group>";
		};
		D447CED5154F16180033663B /* Localizable.strings */ = {
			isa = PBXVariantGroup;
			children = (
				D447CED6154F16180033663B /* se */,
			);
			name = Localizable.strings;
			sourceTree = "<group>";
		};
/* End PBXVariantGroup section */

/* Begin XCBuildConfiguration section */
		D447CEF5154F16180033663B /* Debug */ = {
			isa = XCBuildConfiguration;
			buildSettings = {
				ALWAYS_SEARCH_USER_PATHS = NO;
				ARCHS = (
					armv6,
					"$(ARCHS_STANDARD_32_BIT)",
				);
				"CODE_SIGN_IDENTITY[sdk=iphoneos*]" = "iPhone Developer";
				COPY_PHASE_STRIP = NO;
				GCC_C_LANGUAGE_STANDARD = gnu99;
				GCC_DYNAMIC_NO_PIC = NO;
				GCC_OPTIMIZATION_LEVEL = 0;
				GCC_PREPROCESSOR_DEFINITIONS = (
					"DEBUG=1",
					"$(inherited)",
				);
				GCC_SYMBOLS_PRIVATE_EXTERN = NO;
				GCC_VERSION = com.apple.compilers.llvm.clang.1_0;
				GCC_WARN_ABOUT_RETURN_TYPE = YES;
				GCC_WARN_UNINITIALIZED_AUTOS = YES;
				GCC_WARN_UNUSED_VARIABLE = YES;
				IPHONEOS_DEPLOYMENT_TARGET = 3.0;
				SDKROOT = iphoneos;
			};
			name = Debug;
		};
		D447CEF6154F16180033663B /* Release */ = {
			isa = XCBuildConfiguration;
			buildSettings = {
				ALWAYS_SEARCH_USER_PATHS = NO;
				ARCHS = (
					armv6,
					"$(ARCHS_STANDARD_32_BIT)",
				);
				"CODE_SIGN_IDENTITY[sdk=iphoneos*]" = "iPhone Developer";
				COPY_PHASE_STRIP = YES;
				GCC_C_LANGUAGE_STANDARD = gnu99;
				GCC_VERSION = com.apple.compilers.llvm.clang.1_0;
				GCC_WARN_ABOUT_RETURN_TYPE = YES;
				GCC_WARN_UNINITIALIZED_AUTOS = YES;
				GCC_WARN_UNUSED_VARIABLE = YES;
				IPHONEOS_DEPLOYMENT_TARGET = 3.0;
				SDKROOT = iphoneos;
				VALIDATE_PRODUCT = YES;
			};
			name = Release;
		};
		D447CEF8154F16180033663B /* Debug */ = {
			isa = XCBuildConfiguration;
			buildSettings = {
				ALWAYS_SEARCH_USER_PATHS = YES;
				COPY_PHASE_STRIP = NO;
				FRAMEWORK_SEARCH_PATHS = /Users/Shared/Cordova/Frameworks;
				GCC_DYNAMIC_NO_PIC = NO;
				GCC_PRECOMPILE_PREFIX_HEADER = YES;
				GCC_PREFIX_HEADER = "WLMTest/WLMTest-Prefix.pch";
				GCC_PREPROCESSOR_DEFINITIONS = (
					"DEBUG=1,",
					"CORDOVA_FRAMEWORK=1",
				);
				INFOPLIST_FILE = "WLMTest/WLMTest-Info.plist";
				OTHER_LDFLAGS = (
					"-weak_framework",
					UIKit,
					"-weak_framework",
					AVFoundation,
					"-weak_framework",
					CoreMedia,
					"-weak_library",
					/usr/lib/libSystem.B.dylib,
				);
				PRODUCT_NAME = "$(TARGET_NAME)";
				TARGETED_DEVICE_FAMILY = "1,2";
				WRAPPER_EXTENSION = app;
			};
			name = Debug;
		};
		D447CEF9154F16180033663B /* Release */ = {
			isa = XCBuildConfiguration;
			buildSettings = {
				ALWAYS_SEARCH_USER_PATHS = YES;
				COPY_PHASE_STRIP = YES;
				DEBUG_INFORMATION_FORMAT = "dwarf-with-dsym";
				FRAMEWORK_SEARCH_PATHS = /Users/Shared/Cordova/Frameworks;
				GCC_PRECOMPILE_PREFIX_HEADER = YES;
				GCC_PREFIX_HEADER = "WLMTest/WLMTest-Prefix.pch";
				GCC_PREPROCESSOR_DEFINITIONS = (
					"NDEBUG=1,",
					"CORDOVA_FRAMEWORK=1",
				);
				INFOPLIST_FILE = "WLMTest/WLMTest-Info.plist";
				OTHER_LDFLAGS = (
					"-weak_framework",
					UIKit,
					"-weak_framework",
					AVFoundation,
					"-weak_framework",
					CoreMedia,
					"-weak_library",
					/usr/lib/libSystem.B.dylib,
				);
				PRODUCT_NAME = "$(TARGET_NAME)";
				TARGETED_DEVICE_FAMILY = "1,2";
				VALIDATE_PRODUCT = YES;
				WRAPPER_EXTENSION = app;
			};
			name = Release;
		};
/* End XCBuildConfiguration section */

/* Begin XCConfigurationList section */
		D447CE95154F16180033663B /* Build configuration list for PBXProject "WLMTest" */ = {
			isa = XCConfigurationList;
			buildConfigurations = (
				D447CEF5154F16180033663B /* Debug */,
				D447CEF6154F16180033663B /* Release */,
			);
			defaultConfigurationIsVisible = 0;
			defaultConfigurationName = Release;
		};
		D447CEF7154F16180033663B /* Build configuration list for PBXNativeTarget "WLMTest" */ = {
			isa = XCConfigurationList;
			buildConfigurations = (
				D447CEF8154F16180033663B /* Debug */,
				D447CEF9154F16180033663B /* Release */,
			);
			defaultConfigurationIsVisible = 0;
		};
/* End XCConfigurationList section */
	};
	rootObject = D447CE92154F16180033663B /* Project object */;
}
